// !$*UTF8*$!
{
	archiveVersion = 1;
	classes = {
	};
	objectVersion = 55;
	objects = {

/* Begin PBXBuildFile section */
		3F6AE95D289BFC7D00B85F7A /* NewsNetworkManager.swift in Sources */ = {isa = PBXBuildFile; fileRef = 3F6AE95C289BFC7D00B85F7A /* NewsNetworkManager.swift */; };
		3F6AE95F289C025600B85F7A /* NewsModelAPI.swift in Sources */ = {isa = PBXBuildFile; fileRef = 3F6AE95E289C025600B85F7A /* NewsModelAPI.swift */; };
		3F71CE8B289958830017B17E /* AppDelegate.swift in Sources */ = {isa = PBXBuildFile; fileRef = 3F71CE8A289958830017B17E /* AppDelegate.swift */; };
		3F71CE942899588C0017B17E /* Assets.xcassets in Resources */ = {isa = PBXBuildFile; fileRef = 3F71CE932899588C0017B17E /* Assets.xcassets */; };
		3F71CE972899588C0017B17E /* LaunchScreen.storyboard in Resources */ = {isa = PBXBuildFile; fileRef = 3F71CE952899588C0017B17E /* LaunchScreen.storyboard */; };
		3F71CE9F28995A070017B17E /* MainViewController.swift in Sources */ = {isa = PBXBuildFile; fileRef = 3F71CE9E28995A070017B17E /* MainViewController.swift */; };
		3F71CEA8289963100017B17E /* MainTableViewCell.swift in Sources */ = {isa = PBXBuildFile; fileRef = 3F71CEA6289963100017B17E /* MainTableViewCell.swift */; };
		3F71CEA9289963100017B17E /* MainTableViewCell.xib in Resources */ = {isa = PBXBuildFile; fileRef = 3F71CEA7289963100017B17E /* MainTableViewCell.xib */; };
		3FF0AD6C289E9F8500CFA4F0 /* ImageManager.swift in Sources */ = {isa = PBXBuildFile; fileRef = 3FF0AD6B289E9F8500CFA4F0 /* ImageManager.swift */; };
		3FF0AD6E289EA89100CFA4F0 /* DetailedViewController.swift in Sources */ = {isa = PBXBuildFile; fileRef = 3FF0AD6D289EA89100CFA4F0 /* DetailedViewController.swift */; };
		73DF2D31BCDF447D92D9E5CE /* Pods_NewsApp.framework in Frameworks */ = {isa = PBXBuildFile; fileRef = 6B901FD0FFB4028F4AB83FC9 /* Pods_NewsApp.framework */; };
/* End PBXBuildFile section */

/* Begin PBXFileReference section */
		3F6AE95C289BFC7D00B85F7A /* NewsNetworkManager.swift */ = {isa = PBXFileReference; lastKnownFileType = sourcecode.swift; path = NewsNetworkManager.swift; sourceTree = "<group>"; };
		3F6AE95E289C025600B85F7A /* NewsModelAPI.swift */ = {isa = PBXFileReference; lastKnownFileType = sourcecode.swift; path = NewsModelAPI.swift; sourceTree = "<group>"; };
		3F71CE87289958830017B17E /* NewsApp.app */ = {isa = PBXFileReference; explicitFileType = wrapper.application; includeInIndex = 0; path = NewsApp.app; sourceTree = BUILT_PRODUCTS_DIR; };
		3F71CE8A289958830017B17E /* AppDelegate.swift */ = {isa = PBXFileReference; lastKnownFileType = sourcecode.swift; path = AppDelegate.swift; sourceTree = "<group>"; };
		3F71CE932899588C0017B17E /* Assets.xcassets */ = {isa = PBXFileReference; lastKnownFileType = folder.assetcatalog; path = Assets.xcassets; sourceTree = "<group>"; };
		3F71CE962899588C0017B17E /* Base */ = {isa = PBXFileReference; lastKnownFileType = file.storyboard; name = Base; path = Base.lproj/LaunchScreen.storyboard; sourceTree = "<group>"; };
		3F71CE982899588C0017B17E /* Info.plist */ = {isa = PBXFileReference; lastKnownFileType = text.plist.xml; path = Info.plist; sourceTree = "<group>"; };
		3F71CE9E28995A070017B17E /* MainViewController.swift */ = {isa = PBXFileReference; lastKnownFileType = sourcecode.swift; path = MainViewController.swift; sourceTree = "<group>"; };
		3F71CEA6289963100017B17E /* MainTableViewCell.swift */ = {isa = PBXFileReference; lastKnownFileType = sourcecode.swift; path = MainTableViewCell.swift; sourceTree = "<group>"; };
		3F71CEA7289963100017B17E /* MainTableViewCell.xib */ = {isa = PBXFileReference; lastKnownFileType = file.xib; path = MainTableViewCell.xib; sourceTree = "<group>"; };
		3FF0AD6B289E9F8500CFA4F0 /* ImageManager.swift */ = {isa = PBXFileReference; lastKnownFileType = sourcecode.swift; path = ImageManager.swift; sourceTree = "<group>"; };
		3FF0AD6D289EA89100CFA4F0 /* DetailedViewController.swift */ = {isa = PBXFileReference; lastKnownFileType = sourcecode.swift; path = DetailedViewController.swift; sourceTree = "<group>"; };
		405358D0E7B2DF021802E6A1 /* Pods-NewsApp.release.xcconfig */ = {isa = PBXFileReference; includeInIndex = 1; lastKnownFileType = text.xcconfig; name = "Pods-NewsApp.release.xcconfig"; path = "Target Support Files/Pods-NewsApp/Pods-NewsApp.release.xcconfig"; sourceTree = "<group>"; };
		6B901FD0FFB4028F4AB83FC9 /* Pods_NewsApp.framework */ = {isa = PBXFileReference; explicitFileType = wrapper.framework; includeInIndex = 0; path = Pods_NewsApp.framework; sourceTree = BUILT_PRODUCTS_DIR; };
		B143FF6E8A4F8F5967459695 /* Pods-NewsApp.debug.xcconfig */ = {isa = PBXFileReference; includeInIndex = 1; lastKnownFileType = text.xcconfig; name = "Pods-NewsApp.debug.xcconfig"; path = "Target Support Files/Pods-NewsApp/Pods-NewsApp.debug.xcconfig"; sourceTree = "<group>"; };
/* End PBXFileReference section */

/* Begin PBXFrameworksBuildPhase section */
		3F71CE84289958830017B17E /* Frameworks */ = {
			isa = PBXFrameworksBuildPhase;
			buildActionMask = 2147483647;
			files = (
				73DF2D31BCDF447D92D9E5CE /* Pods_NewsApp.framework in Frameworks */,
			);
			runOnlyForDeploymentPostprocessing = 0;
		};
/* End PBXFrameworksBuildPhase section */

/* Begin PBXGroup section */
		3F6AE955289BFA9B00B85F7A /* View */ = {
			isa = PBXGroup;
			children = (
				3F6AE957289BFACA00B85F7A /* Detailed Vew Controller */,
				3F6AE956289BFAA700B85F7A /* Main View Controller */,
			);
			path = View;
			sourceTree = "<group>";
		};
		3F6AE956289BFAA700B85F7A /* Main View Controller */ = {
			isa = PBXGroup;
			children = (
				3F71CE9E28995A070017B17E /* MainViewController.swift */,
				3F6AE95A289BFBC900B85F7A /* Models */,
				3F6AE959289BFB6E00B85F7A /* Main Table Cell */,
			);
			path = "Main View Controller";
			sourceTree = "<group>";
		};
		3F6AE957289BFACA00B85F7A /* Detailed Vew Controller */ = {
			isa = PBXGroup;
			children = (
				3FF0AD6D289EA89100CFA4F0 /* DetailedViewController.swift */,
			);
			path = "Detailed Vew Controller";
			sourceTree = "<group>";
		};
		3F6AE958289BFB1300B85F7A /* Assets */ = {
			isa = PBXGroup;
			children = (
				3F71CE8A289958830017B17E /* AppDelegate.swift */,
				3F71CE932899588C0017B17E /* Assets.xcassets */,
				3F71CE952899588C0017B17E /* LaunchScreen.storyboard */,
			);
			path = Assets;
			sourceTree = "<group>";
		};
		3F6AE959289BFB6E00B85F7A /* Main Table Cell */ = {
			isa = PBXGroup;
			children = (
				3F71CEA6289963100017B17E /* MainTableViewCell.swift */,
				3F71CEA7289963100017B17E /* MainTableViewCell.xib */,
			);
			path = "Main Table Cell";
			sourceTree = "<group>";
		};
		3F6AE95A289BFBC900B85F7A /* Models */ = {
			isa = PBXGroup;
			children = (
				3F6AE95E289C025600B85F7A /* NewsModelAPI.swift */,
			);
			path = Models;
			sourceTree = "<group>";
		};
		3F6AE95B289BFC0E00B85F7A /* Network Manager */ = {
			isa = PBXGroup;
			children = (
				3F6AE95C289BFC7D00B85F7A /* NewsNetworkManager.swift */,
				3FF0AD6B289E9F8500CFA4F0 /* ImageManager.swift */,
			);
			path = "Network Manager";
			sourceTree = "<group>";
		};
		3F71CE7E289958830017B17E = {
			isa = PBXGroup;
			children = (
				3F71CE89289958830017B17E /* NewsApp */,
				3F71CE88289958830017B17E /* Products */,
				75C1755F4022285B34EB13B1 /* Pods */,
				6FB579F9ED6E9E130D0C8805 /* Frameworks */,
			);
			sourceTree = "<group>";
		};
		3F71CE88289958830017B17E /* Products */ = {
			isa = PBXGroup;
			children = (
				3F71CE87289958830017B17E /* NewsApp.app */,
			);
			name = Products;
			sourceTree = "<group>";
		};
		3F71CE89289958830017B17E /* NewsApp */ = {
			isa = PBXGroup;
			children = (
				3F6AE95B289BFC0E00B85F7A /* Network Manager */,
				3F6AE958289BFB1300B85F7A /* Assets */,
				3F6AE955289BFA9B00B85F7A /* View */,
				3F71CE982899588C0017B17E /* Info.plist */,
			);
			path = NewsApp;
			sourceTree = "<group>";
		};
		6FB579F9ED6E9E130D0C8805 /* Frameworks */ = {
			isa = PBXGroup;
			children = (
				6B901FD0FFB4028F4AB83FC9 /* Pods_NewsApp.framework */,
			);
			name = Frameworks;
			sourceTree = "<group>";
		};
		75C1755F4022285B34EB13B1 /* Pods */ = {
			isa = PBXGroup;
			children = (
				B143FF6E8A4F8F5967459695 /* Pods-NewsApp.debug.xcconfig */,
				405358D0E7B2DF021802E6A1 /* Pods-NewsApp.release.xcconfig */,
			);
			path = Pods;
			sourceTree = "<group>";
		};
/* End PBXGroup section */

/* Begin PBXNativeTarget section */
		3F71CE86289958830017B17E /* NewsApp */ = {
			isa = PBXNativeTarget;
			buildConfigurationList = 3F71CE9B2899588D0017B17E /* Build configuration list for PBXNativeTarget "NewsApp" */;
			buildPhases = (
				01AEF7E48F08B2878EBEEBD8 /* [CP] Check Pods Manifest.lock */,
				3F71CE83289958830017B17E /* Sources */,
				3F71CE84289958830017B17E /* Frameworks */,
				3F71CE85289958830017B17E /* Resources */,
				8E225A4275AF16F8741AEC7A /* [CP] Embed Pods Frameworks */,
			);
			buildRules = (
			);
			dependencies = (
			);
			name = NewsApp;
			productName = NewsApp;
			productReference = 3F71CE87289958830017B17E /* NewsApp.app */;
			productType = "com.apple.product-type.application";
		};
/* End PBXNativeTarget section */

/* Begin PBXProject section */
		3F71CE7F289958830017B17E /* Project object */ = {
			isa = PBXProject;
			attributes = {
				BuildIndependentTargetsInParallel = 1;
				LastSwiftUpdateCheck = 1340;
				LastUpgradeCheck = 1340;
				TargetAttributes = {
					3F71CE86289958830017B17E = {
						CreatedOnToolsVersion = 13.4.1;
					};
				};
			};
			buildConfigurationList = 3F71CE82289958830017B17E /* Build configuration list for PBXProject "NewsApp" */;
			compatibilityVersion = "Xcode 13.0";
			developmentRegion = en;
			hasScannedForEncodings = 0;
			knownRegions = (
				en,
				Base,
			);
			mainGroup = 3F71CE7E289958830017B17E;
			productRefGroup = 3F71CE88289958830017B17E /* Products */;
			projectDirPath = "";
			projectRoot = "";
			targets = (
				3F71CE86289958830017B17E /* NewsApp */,
			);
		};
/* End PBXProject section */

/* Begin PBXResourcesBuildPhase section */
		3F71CE85289958830017B17E /* Resources */ = {
			isa = PBXResourcesBuildPhase;
			buildActionMask = 2147483647;
			files = (
				3F71CEA9289963100017B17E /* MainTableViewCell.xib in Resources */,
				3F71CE972899588C0017B17E /* LaunchScreen.storyboard in Resources */,
				3F71CE942899588C0017B17E /* Assets.xcassets in Resources */,
			);
			runOnlyForDeploymentPostprocessing = 0;
		};
/* End PBXResourcesBuildPhase section */

/* Begin PBXShellScriptBuildPhase section */
		01AEF7E48F08B2878EBEEBD8 /* [CP] Check Pods Manifest.lock */ = {
			isa = PBXShellScriptBuildPhase;
			buildActionMask = 2147483647;
			files = (
			);
			inputFileListPaths = (
			);
			inputPaths = (
				"${PODS_PODFILE_DIR_PATH}/Podfile.lock",
				"${PODS_ROOT}/Manifest.lock",
			);
			name = "[CP] Check Pods Manifest.lock";
			outputFileListPaths = (
			);
			outputPaths = (
				"$(DERIVED_FILE_DIR)/Pods-NewsApp-checkManifestLockResult.txt",
			);
			runOnlyForDeploymentPostprocessing = 0;
			shellPath = /bin/sh;
			shellScript = "diff \"${PODS_PODFILE_DIR_PATH}/Podfile.lock\" \"${PODS_ROOT}/Manifest.lock\" > /dev/null\nif [ $? != 0 ] ; then\n    # print error to STDERR\n    echo \"error: The sandbox is not in sync with the Podfile.lock. Run 'pod install' or update your CocoaPods installation.\" >&2\n    exit 1\nfi\n# This output is used by Xcode 'outputs' to avoid re-running this script phase.\necho \"SUCCESS\" > \"${SCRIPT_OUTPUT_FILE_0}\"\n";
			showEnvVarsInLog = 0;
		};
		8E225A4275AF16F8741AEC7A /* [CP] Embed Pods Frameworks */ = {
			isa = PBXShellScriptBuildPhase;
			buildActionMask = 2147483647;
			files = (
			);
			inputFileListPaths = (
				"${PODS_ROOT}/Target Support Files/Pods-NewsApp/Pods-NewsApp-frameworks-${CONFIGURATION}-input-files.xcfilelist",
			);
			name = "[CP] Embed Pods Frameworks";
			outputFileListPaths = (
				"${PODS_ROOT}/Target Support Files/Pods-NewsApp/Pods-NewsApp-frameworks-${CONFIGURATION}-output-files.xcfilelist",
			);
			runOnlyForDeploymentPostprocessing = 0;
			shellPath = /bin/sh;
			shellScript = "\"${PODS_ROOT}/Target Support Files/Pods-NewsApp/Pods-NewsApp-frameworks.sh\"\n";
			showEnvVarsInLog = 0;
		};
/* End PBXShellScriptBuildPhase section */

/* Begin PBXSourcesBuildPhase section */
		3F71CE83289958830017B17E /* Sources */ = {
			isa = PBXSourcesBuildPhase;
			buildActionMask = 2147483647;
			files = (
				3FF0AD6E289EA89100CFA4F0 /* DetailedViewController.swift in Sources */,
				3F71CE8B289958830017B17E /* AppDelegate.swift in Sources */,
				3F6AE95D289BFC7D00B85F7A /* NewsNetworkManager.swift in Sources */,
				3F71CEA8289963100017B17E /* MainTableViewCell.swift in Sources */,
				3FF0AD6C289E9F8500CFA4F0 /* ImageManager.swift in Sources */,
				3F6AE95F289C025600B85F7A /* NewsModelAPI.swift in Sources */,
				3F71CE9F28995A070017B17E /* MainViewController.swift in Sources */,
			);
			runOnlyForDeploymentPostprocessing = 0;
		};
/* End PBXSourcesBuildPhase section */

/* Begin PBXVariantGroup section */
		3F71CE952899588C0017B17E /* LaunchScreen.storyboard */ = {
			isa = PBXVariantGroup;
			children = (
				3F71CE962899588C0017B17E /* Base */,
			);
			name = LaunchScreen.storyboard;
			sourceTree = "<group>";
		};
/* End PBXVariantGroup section */

/* Begin XCBuildConfiguration section */
		3F71CE992899588C0017B17E /* Debug */ = {
			isa = XCBuildConfiguration;
			buildSettings = {
				ALWAYS_SEARCH_USER_PATHS = NO;
				CLANG_ANALYZER_NONNULL = YES;
				CLANG_ANALYZER_NUMBER_OBJECT_CONVERSION = YES_AGGRESSIVE;
				CLANG_CXX_LANGUAGE_STANDARD = "gnu++17";
				CLANG_ENABLE_MODULES = YES;
				CLANG_ENABLE_OBJC_ARC = YES;
				CLANG_ENABLE_OBJC_WEAK = YES;
				CLANG_WARN_BLOCK_CAPTURE_AUTORELEASING = YES;
				CLANG_WARN_BOOL_CONVERSION = YES;
				CLANG_WARN_COMMA = YES;
				CLANG_WARN_CONSTANT_CONVERSION = YES;
				CLANG_WARN_DEPRECATED_OBJC_IMPLEMENTATIONS = YES;
				CLANG_WARN_DIRECT_OBJC_ISA_USAGE = YES_ERROR;
				CLANG_WARN_DOCUMENTATION_COMMENTS = YES;
				CLANG_WARN_EMPTY_BODY = YES;
				CLANG_WARN_ENUM_CONVERSION = YES;
				CLANG_WARN_INFINITE_RECURSION = YES;
				CLANG_WARN_INT_CONVERSION = YES;
				CLANG_WARN_NON_LITERAL_NULL_CONVERSION = YES;
				CLANG_WARN_OBJC_IMPLICIT_RETAIN_SELF = YES;
				CLANG_WARN_OBJC_LITERAL_CONVERSION = YES;
				CLANG_WARN_OBJC_ROOT_CLASS = YES_ERROR;
				CLANG_WARN_QUOTED_INCLUDE_IN_FRAMEWORK_HEADER = YES;
				CLANG_WARN_RANGE_LOOP_ANALYSIS = YES;
				CLANG_WARN_STRICT_PROTOTYPES = YES;
				CLANG_WARN_SUSPICIOUS_MOVE = YES;
				CLANG_WARN_UNGUARDED_AVAILABILITY = YES_AGGRESSIVE;
				CLANG_WARN_UNREACHABLE_CODE = YES;
				CLANG_WARN__DUPLICATE_METHOD_MATCH = YES;
				COPY_PHASE_STRIP = NO;
				DEBUG_INFORMATION_FORMAT = dwarf;
				ENABLE_STRICT_OBJC_MSGSEND = YES;
				ENABLE_TESTABILITY = YES;
				GCC_C_LANGUAGE_STANDARD = gnu11;
				GCC_DYNAMIC_NO_PIC = NO;
				GCC_NO_COMMON_BLOCKS = YES;
				GCC_OPTIMIZATION_LEVEL = 0;
				GCC_PREPROCESSOR_DEFINITIONS = (
					"DEBUG=1",
					"$(inherited)",
				);
				GCC_WARN_64_TO_32_BIT_CONVERSION = YES;
				GCC_WARN_ABOUT_RETURN_TYPE = YES_ERROR;
				GCC_WARN_UNDECLARED_SELECTOR = YES;
				GCC_WARN_UNINITIALIZED_AUTOS = YES_AGGRESSIVE;
				GCC_WARN_UNUSED_FUNCTION = YES;
				GCC_WARN_UNUSED_VARIABLE = YES;
				IPHONEOS_DEPLOYMENT_TARGET = 13.0;
				MTL_ENABLE_DEBUG_INFO = INCLUDE_SOURCE;
				MTL_FAST_MATH = YES;
				ONLY_ACTIVE_ARCH = YES;
				SDKROOT = iphoneos;
				SWIFT_ACTIVE_COMPILATION_CONDITIONS = DEBUG;
				SWIFT_OPTIMIZATION_LEVEL = "-Onone";
			};
			name = Debug;
		};
		3F71CE9A2899588C0017B17E /* Release */ = {
			isa = XCBuildConfiguration;
			buildSettings = {
				ALWAYS_SEARCH_USER_PATHS = NO;
				CLANG_ANALYZER_NONNULL = YES;
				CLANG_ANALYZER_NUMBER_OBJECT_CONVERSION = YES_AGGRESSIVE;
				CLANG_CXX_LANGUAGE_STANDARD = "gnu++17";
				CLANG_ENABLE_MODULES = YES;
				CLANG_ENABLE_OBJC_ARC = YES;
				CLANG_ENABLE_OBJC_WEAK = YES;
				CLANG_WARN_BLOCK_CAPTURE_AUTORELEASING = YES;
				CLANG_WARN_BOOL_CONVERSION = YES;
				CLANG_WARN_COMMA = YES;
				CLANG_WARN_CONSTANT_CONVERSION = YES;
				CLANG_WARN_DEPRECATED_OBJC_IMPLEMENTATIONS = YES;
				CLANG_WARN_DIRECT_OBJC_ISA_USAGE = YES_ERROR;
				CLANG_WARN_DOCUMENTATION_COMMENTS = YES;
				CLANG_WARN_EMPTY_BODY = YES;
				CLANG_WARN_ENUM_CONVERSION = YES;
				CLANG_WARN_INFINITE_RECURSION = YES;
				CLANG_WARN_INT_CONVERSION = YES;
				CLANG_WARN_NON_LITERAL_NULL_CONVERSION = YES;
				CLANG_WARN_OBJC_IMPLICIT_RETAIN_SELF = YES;
				CLANG_WARN_OBJC_LITERAL_CONVERSION = YES;
				CLANG_WARN_OBJC_ROOT_CLASS = YES_ERROR;
				CLANG_WARN_QUOTED_INCLUDE_IN_FRAMEWORK_HEADER = YES;
				CLANG_WARN_RANGE_LOOP_ANALYSIS = YES;
				CLANG_WARN_STRICT_PROTOTYPES = YES;
				CLANG_WARN_SUSPICIOUS_MOVE = YES;
				CLANG_WARN_UNGUARDED_AVAILABILITY = YES_AGGRESSIVE;
				CLANG_WARN_UNREACHABLE_CODE = YES;
				CLANG_WARN__DUPLICATE_METHOD_MATCH = YES;
				COPY_PHASE_STRIP = NO;
				DEBUG_INFORMATION_FORMAT = "dwarf-with-dsym";
				ENABLE_NS_ASSERTIONS = NO;
				ENABLE_STRICT_OBJC_MSGSEND = YES;
				GCC_C_LANGUAGE_STANDARD = gnu11;
				GCC_NO_COMMON_BLOCKS = YES;
				GCC_WARN_64_TO_32_BIT_CONVERSION = YES;
				GCC_WARN_ABOUT_RETURN_TYPE = YES_ERROR;
				GCC_WARN_UNDECLARED_SELECTOR = YES;
				GCC_WARN_UNINITIALIZED_AUTOS = YES_AGGRESSIVE;
				GCC_WARN_UNUSED_FUNCTION = YES;
				GCC_WARN_UNUSED_VARIABLE = YES;
				IPHONEOS_DEPLOYMENT_TARGET = 13.0;
				MTL_ENABLE_DEBUG_INFO = NO;
				MTL_FAST_MATH = YES;
				SDKROOT = iphoneos;
				SWIFT_COMPILATION_MODE = wholemodule;
				SWIFT_OPTIMIZATION_LEVEL = "-O";
				VALIDATE_PRODUCT = YES;
			};
			name = Release;
		};
		3F71CE9C2899588D0017B17E /* Debug */ = {
			isa = XCBuildConfiguration;
			baseConfigurationReference = B143FF6E8A4F8F5967459695 /* Pods-NewsApp.debug.xcconfig */;
			buildSettings = {
				ASSETCATALOG_COMPILER_APPICON_NAME = AppIcon;
				ASSETCATALOG_COMPILER_GLOBAL_ACCENT_COLOR_NAME = AccentColor;
				CODE_SIGN_STYLE = Automatic;
				CURRENT_PROJECT_VERSION = 1;
				GENERATE_INFOPLIST_FILE = YES;
				INFOPLIST_FILE = NewsApp/Info.plist;
				INFOPLIST_KEY_UIApplicationSupportsIndirectInputEvents = YES;
				INFOPLIST_KEY_UILaunchStoryboardName = LaunchScreen;
				INFOPLIST_KEY_UISupportedInterfaceOrientations = UIInterfaceOrientationPortrait;
				INFOPLIST_KEY_UISupportedInterfaceOrientations_iPad = "UIInterfaceOrientationPortrait UIInterfaceOrientationPortraitUpsideDown UIInterfaceOrientationLandscapeLeft UIInterfaceOrientationLandscapeRight";
				INFOPLIST_KEY_UISupportedInterfaceOrientations_iPhone = "UIInterfaceOrientationPortrait UIInterfaceOrientationLandscapeLeft UIInterfaceOrientationLandscapeRight";
				IPHONEOS_DEPLOYMENT_TARGET = 13.0;
				LD_RUNPATH_SEARCH_PATHS = (
					"$(inherited)",
					"@executable_path/Frameworks",
				);
				MARKETING_VERSION = 1.0;
				PRODUCT_BUNDLE_IDENTIFIER = Neolabs.NewsApp;
				PRODUCT_NAME = "$(TARGET_NAME)";
				SWIFT_EMIT_LOC_STRINGS = YES;
				SWIFT_VERSION = 5.0;
				TARGETED_DEVICE_FAMILY = 1;
			};
			name = Debug;
		};
		3F71CE9D2899588D0017B17E /* Release */ = {
			isa = XCBuildConfiguration;
			baseConfigurationReference = 405358D0E7B2DF021802E6A1 /* Pods-NewsApp.release.xcconfig */;
			buildSettings = {
				ASSETCATALOG_COMPILER_APPICON_NAME = AppIcon;
				ASSETCATALOG_COMPILER_GLOBAL_ACCENT_COLOR_NAME = AccentColor;
				CODE_SIGN_STYLE = Automatic;
				CURRENT_PROJECT_VERSION = 1;
				GENERATE_INFOPLIST_FILE = YES;
				INFOPLIST_FILE = NewsApp/Info.plist;
				INFOPLIST_KEY_UIApplicationSupportsIndirectInputEvents = YES;
				INFOPLIST_KEY_UILaunchStoryboardName = LaunchScreen;
				INFOPLIST_KEY_UISupportedInterfaceOrientations = UIInterfaceOrientationPortrait;
				INFOPLIST_KEY_UISupportedInterfaceOrientations_iPad = "UIInterfaceOrientationPortrait UIInterfaceOrientationPortraitUpsideDown UIInterfaceOrientationLandscapeLeft UIInterfaceOrientationLandscapeRight";
				INFOPLIST_KEY_UISupportedInterfaceOrientations_iPhone = "UIInterfaceOrientationPortrait UIInterfaceOrientationLandscapeLeft UIInterfaceOrientationLandscapeRight";
				IPHONEOS_DEPLOYMENT_TARGET = 13.0;
				LD_RUNPATH_SEARCH_PATHS = (
					"$(inherited)",
					"@executable_path/Frameworks",
				);
				MARKETING_VERSION = 1.0;
				PRODUCT_BUNDLE_IDENTIFIER = Neolabs.NewsApp;
				PRODUCT_NAME = "$(TARGET_NAME)";
				SWIFT_EMIT_LOC_STRINGS = YES;
				SWIFT_VERSION = 5.0;
				TARGETED_DEVICE_FAMILY = 1;
			};
			name = Release;
		};
/* End XCBuildConfiguration section */

/* Begin XCConfigurationList section */
		3F71CE82289958830017B17E /* Build configuration list for PBXProject "NewsApp" */ = {
			isa = XCConfigurationList;
			buildConfigurations = (
				3F71CE992899588C0017B17E /* Debug */,
				3F71CE9A2899588C0017B17E /* Release */,
			);
			defaultConfigurationIsVisible = 0;
			defaultConfigurationName = Release;
		};
		3F71CE9B2899588D0017B17E /* Build configuration list for PBXNativeTarget "NewsApp" */ = {
			isa = XCConfigurationList;
			buildConfigurations = (
				3F71CE9C2899588D0017B17E /* Debug */,
				3F71CE9D2899588D0017B17E /* Release */,
			);
			defaultConfigurationIsVisible = 0;
			defaultConfigurationName = Release;
		};
/* End XCConfigurationList section */
	};
	rootObject = 3F71CE7F289958830017B17E /* Project object */;
}
